
Microsoft Visual Studio Solution File, Format Version 12.00
# Visual Studio Version 17
VisualStudioVersion = 17.2.32516.85
MinimumVisualStudioVersion = 10.0.40219.1
Project("{FAE04EC0-301F-11D3-BF4B-00C04F79EFBC}") = "Deliverable1", "Deliverable1\Deliverable1.csproj", "{A881388E-A41F-4455-A6DC-A3A969C32C06}"
EndProject
Global
	GlobalSection(SolutionConfigurationPlatforms) = preSolution
		Debug|Any CPU = Debug|Any CPU
		Release|Any CPU = Release|Any CPU
	EndGlobalSection
	GlobalSection(ProjectConfigurationPlatforms) = postSolution
		{A881388E-A41F-4455-A6DC-A3A969C32C06}.Debug|Any CPU.ActiveCfg = Debug|Any CPU
		{A881388E-A41F-4455-A6DC-A3A969C32C06}.Debug|Any CPU.Build.0 = Debug|Any CPU
		{A881388E-A41F-4455-A6DC-A3A969C32C06}.Release|Any CPU.ActiveCfg = Release|Any CPU
		{A881388E-A41F-4455-A6DC-A3A969C32C06}.Release|Any CPU.Build.0 = Release|Any CPU
	EndGlobalSection
	GlobalSection(SolutionProperties) = preSolution
		HideSolutionNode = FALSE
	EndGlobalSection
	GlobalSection(ExtensibilityGlobals) = postSolution
		SolutionGuid = {781C0C7A-3236-4874-B1BF-FE40526CBB2F}
	EndGlobalSection
EndGlobal
